// !$*UTF8*$!
{
	archiveVersion = 1;
	classes = {
	};
	objectVersion = 55;
	objects = {

/* Begin PBXBuildFile section */
		2742B7A627A5F8DE00B117C8 /* StatSectionView.swift in Sources */ = {isa = PBXBuildFile; fileRef = 2742B7A527A5F8DE00B117C8 /* StatSectionView.swift */; };
		2742B7A827A6072A00B117C8 /* AddGameView.swift in Sources */ = {isa = PBXBuildFile; fileRef = 2742B7A727A6072A00B117C8 /* AddGameView.swift */; };
		2783C0C927A6BD5B002DBEFC /* HomeView.swift in Sources */ = {isa = PBXBuildFile; fileRef = 2783C0C827A6BD5B002DBEFC /* HomeView.swift */; };
		2783C0CC27A6C075002DBEFC /* PlayerImageView.swift in Sources */ = {isa = PBXBuildFile; fileRef = 2783C0CB27A6C075002DBEFC /* PlayerImageView.swift */; };
		2783C0CE27A6EB9B002DBEFC /* Profile.swift in Sources */ = {isa = PBXBuildFile; fileRef = 2783C0CD27A6EB9B002DBEFC /* Profile.swift */; };
		2783C0D227A6EDE9002DBEFC /* ProfileViewModel.swift in Sources */ = {isa = PBXBuildFile; fileRef = 2783C0D127A6EDE9002DBEFC /* ProfileViewModel.swift */; };
		2783C0D427A6EE6F002DBEFC /* ProfileView.swift in Sources */ = {isa = PBXBuildFile; fileRef = 2783C0D327A6EE6F002DBEFC /* ProfileView.swift */; };
		2783C0D627A704DC002DBEFC /* EditPlayerProfileView.swift in Sources */ = {isa = PBXBuildFile; fileRef = 2783C0D527A704DC002DBEFC /* EditPlayerProfileView.swift */; };
		2783C0D827A716C6002DBEFC /* StatSummaryView.swift in Sources */ = {isa = PBXBuildFile; fileRef = 2783C0D727A716C6002DBEFC /* StatSummaryView.swift */; };
		2783C0DA27A718AD002DBEFC /* ScoringDataCard.swift in Sources */ = {isa = PBXBuildFile; fileRef = 2783C0D927A718AD002DBEFC /* ScoringDataCard.swift */; };
		27C80CFF27A56DAC00ABCA1D /* Soccer_Stats_2022App.swift in Sources */ = {isa = PBXBuildFile; fileRef = 27C80CFE27A56DAC00ABCA1D /* Soccer_Stats_2022App.swift */; };
		27C80D0327A56DAF00ABCA1D /* Assets.xcassets in Resources */ = {isa = PBXBuildFile; fileRef = 27C80D0227A56DAF00ABCA1D /* Assets.xcassets */; };
		27C80D0627A56DAF00ABCA1D /* Preview Assets.xcassets in Resources */ = {isa = PBXBuildFile; fileRef = 27C80D0527A56DAF00ABCA1D /* Preview Assets.xcassets */; };
		27C80D1427A56E4200ABCA1D /* Game.swift in Sources */ = {isa = PBXBuildFile; fileRef = 27C80D0D27A56E4200ABCA1D /* Game.swift */; };
		27C80D1527A56E4200ABCA1D /* StatisticsViewModel.swift in Sources */ = {isa = PBXBuildFile; fileRef = 27C80D0E27A56E4200ABCA1D /* StatisticsViewModel.swift */; };
		27C80D1727A56E4200ABCA1D /* LocalFileManager.swift in Sources */ = {isa = PBXBuildFile; fileRef = 27C80D1027A56E4200ABCA1D /* LocalFileManager.swift */; };
		27C80D1827A56E4200ABCA1D /* GameViewModel.swift in Sources */ = {isa = PBXBuildFile; fileRef = 27C80D1127A56E4200ABCA1D /* GameViewModel.swift */; };
		27C80D1927A56E4200ABCA1D /* ProfileDataService.swift in Sources */ = {isa = PBXBuildFile; fileRef = 27C80D1227A56E4200ABCA1D /* ProfileDataService.swift */; };
		27C80D1A27A56E4200ABCA1D /* GameDataService.swift in Sources */ = {isa = PBXBuildFile; fileRef = 27C80D1327A56E4200ABCA1D /* GameDataService.swift */; };
		27C80D2627A56FF300ABCA1D /* GameListView.swift in Sources */ = {isa = PBXBuildFile; fileRef = 27C80D2527A56FF300ABCA1D /* GameListView.swift */; };
		27C80D2827A570C900ABCA1D /* GlobalConstants.swift in Sources */ = {isa = PBXBuildFile; fileRef = 27C80D2727A570C900ABCA1D /* GlobalConstants.swift */; };
		27C80D2B27A57AD600ABCA1D /* Color.swift in Sources */ = {isa = PBXBuildFile; fileRef = 27C80D2A27A57AD600ABCA1D /* Color.swift */; };
		27C80D2D27A57D3A00ABCA1D /* GameItemView.swift in Sources */ = {isa = PBXBuildFile; fileRef = 27C80D2C27A57D3A00ABCA1D /* GameItemView.swift */; };
		27C80D2F27A57DA900ABCA1D /* PreviewProvider.swift in Sources */ = {isa = PBXBuildFile; fileRef = 27C80D2E27A57DA900ABCA1D /* PreviewProvider.swift */; };
		27C80D3127A5CACC00ABCA1D /* GameDetailView.swift in Sources */ = {isa = PBXBuildFile; fileRef = 27C80D3027A5CACC00ABCA1D /* GameDetailView.swift */; };
/* End PBXBuildFile section */

/* Begin PBXFileReference section */
		2742B7A527A5F8DE00B117C8 /* StatSectionView.swift */ = {isa = PBXFileReference; lastKnownFileType = sourcecode.swift; path = StatSectionView.swift; sourceTree = "<group>"; };
		2742B7A727A6072A00B117C8 /* AddGameView.swift */ = {isa = PBXFileReference; lastKnownFileType = sourcecode.swift; path = AddGameView.swift; sourceTree = "<group>"; };
		2783C0C827A6BD5B002DBEFC /* HomeView.swift */ = {isa = PBXFileReference; lastKnownFileType = sourcecode.swift; path = HomeView.swift; sourceTree = "<group>"; };
		2783C0CB27A6C075002DBEFC /* PlayerImageView.swift */ = {isa = PBXFileReference; lastKnownFileType = sourcecode.swift; path = PlayerImageView.swift; sourceTree = "<group>"; };
		2783C0CD27A6EB9B002DBEFC /* Profile.swift */ = {isa = PBXFileReference; lastKnownFileType = sourcecode.swift; path = Profile.swift; sourceTree = "<group>"; };
		2783C0D127A6EDE9002DBEFC /* ProfileViewModel.swift */ = {isa = PBXFileReference; lastKnownFileType = sourcecode.swift; path = ProfileViewModel.swift; sourceTree = "<group>"; };
		2783C0D327A6EE6F002DBEFC /* ProfileView.swift */ = {isa = PBXFileReference; lastKnownFileType = sourcecode.swift; path = ProfileView.swift; sourceTree = "<group>"; };
		2783C0D527A704DC002DBEFC /* EditPlayerProfileView.swift */ = {isa = PBXFileReference; fileEncoding = 4; lastKnownFileType = sourcecode.swift; path = EditPlayerProfileView.swift; sourceTree = "<group>"; };
		2783C0D727A716C6002DBEFC /* StatSummaryView.swift */ = {isa = PBXFileReference; lastKnownFileType = sourcecode.swift; path = StatSummaryView.swift; sourceTree = "<group>"; };
		2783C0D927A718AD002DBEFC /* ScoringDataCard.swift */ = {isa = PBXFileReference; lastKnownFileType = sourcecode.swift; path = ScoringDataCard.swift; sourceTree = "<group>"; };
		27C80CFB27A56DAC00ABCA1D /* Soccer_Stats_2022.app */ = {isa = PBXFileReference; explicitFileType = wrapper.application; includeInIndex = 0; path = Soccer_Stats_2022.app; sourceTree = BUILT_PRODUCTS_DIR; };
		27C80CFE27A56DAC00ABCA1D /* Soccer_Stats_2022App.swift */ = {isa = PBXFileReference; lastKnownFileType = sourcecode.swift; path = Soccer_Stats_2022App.swift; sourceTree = "<group>"; };
		27C80D0227A56DAF00ABCA1D /* Assets.xcassets */ = {isa = PBXFileReference; lastKnownFileType = folder.assetcatalog; path = Assets.xcassets; sourceTree = "<group>"; };
		27C80D0527A56DAF00ABCA1D /* Preview Assets.xcassets */ = {isa = PBXFileReference; lastKnownFileType = folder.assetcatalog; path = "Preview Assets.xcassets"; sourceTree = "<group>"; };
		27C80D0D27A56E4200ABCA1D /* Game.swift */ = {isa = PBXFileReference; fileEncoding = 4; lastKnownFileType = sourcecode.swift; path = Game.swift; sourceTree = "<group>"; };
		27C80D0E27A56E4200ABCA1D /* StatisticsViewModel.swift */ = {isa = PBXFileReference; fileEncoding = 4; lastKnownFileType = sourcecode.swift; path = StatisticsViewModel.swift; sourceTree = "<group>"; };
		27C80D1027A56E4200ABCA1D /* LocalFileManager.swift */ = {isa = PBXFileReference; fileEncoding = 4; lastKnownFileType = sourcecode.swift; path = LocalFileManager.swift; sourceTree = "<group>"; };
		27C80D1127A56E4200ABCA1D /* GameViewModel.swift */ = {isa = PBXFileReference; fileEncoding = 4; lastKnownFileType = sourcecode.swift; path = GameViewModel.swift; sourceTree = "<group>"; };
		27C80D1227A56E4200ABCA1D /* ProfileDataService.swift */ = {isa = PBXFileReference; fileEncoding = 4; lastKnownFileType = sourcecode.swift; path = ProfileDataService.swift; sourceTree = "<group>"; };
		27C80D1327A56E4200ABCA1D /* GameDataService.swift */ = {isa = PBXFileReference; fileEncoding = 4; lastKnownFileType = sourcecode.swift; path = GameDataService.swift; sourceTree = "<group>"; };
		27C80D2527A56FF300ABCA1D /* GameListView.swift */ = {isa = PBXFileReference; lastKnownFileType = sourcecode.swift; path = GameListView.swift; sourceTree = "<group>"; };
		27C80D2727A570C900ABCA1D /* GlobalConstants.swift */ = {isa = PBXFileReference; lastKnownFileType = sourcecode.swift; path = GlobalConstants.swift; sourceTree = "<group>"; };
		27C80D2A27A57AD600ABCA1D /* Color.swift */ = {isa = PBXFileReference; lastKnownFileType = sourcecode.swift; path = Color.swift; sourceTree = "<group>"; };
		27C80D2C27A57D3A00ABCA1D /* GameItemView.swift */ = {isa = PBXFileReference; lastKnownFileType = sourcecode.swift; path = GameItemView.swift; sourceTree = "<group>"; };
		27C80D2E27A57DA900ABCA1D /* PreviewProvider.swift */ = {isa = PBXFileReference; lastKnownFileType = sourcecode.swift; path = PreviewProvider.swift; sourceTree = "<group>"; };
		27C80D3027A5CACC00ABCA1D /* GameDetailView.swift */ = {isa = PBXFileReference; lastKnownFileType = sourcecode.swift; path = GameDetailView.swift; sourceTree = "<group>"; };
/* End PBXFileReference section */

/* Begin PBXFrameworksBuildPhase section */
		27C80CF827A56DAC00ABCA1D /* Frameworks */ = {
			isa = PBXFrameworksBuildPhase;
			buildActionMask = 2147483647;
			files = (
			);
			runOnlyForDeploymentPostprocessing = 0;
		};
/* End PBXFrameworksBuildPhase section */

/* Begin PBXGroup section */
		2783C0C727A6BD45002DBEFC /* Home */ = {
			isa = PBXGroup;
			children = (
				2783C0C827A6BD5B002DBEFC /* HomeView.swift */,
			);
			path = Home;
			sourceTree = "<group>";
		};
		2783C0CA27A6C053002DBEFC /* Components */ = {
			isa = PBXGroup;
			children = (
				2783C0CB27A6C075002DBEFC /* PlayerImageView.swift */,
			);
			path = Components;
			sourceTree = "<group>";
		};
		2783C0CF27A6EDD4002DBEFC /* Views */ = {
			isa = PBXGroup;
			children = (
				2783C0D327A6EE6F002DBEFC /* ProfileView.swift */,
				2783C0D527A704DC002DBEFC /* EditPlayerProfileView.swift */,
			);
			path = Views;
			sourceTree = "<group>";
		};
		2783C0D027A6EDDA002DBEFC /* ViewModels */ = {
			isa = PBXGroup;
			children = (
				2783C0D127A6EDE9002DBEFC /* ProfileViewModel.swift */,
			);
			path = ViewModels;
			sourceTree = "<group>";
		};
		27C80CF227A56DAC00ABCA1D = {
			isa = PBXGroup;
			children = (
				27C80CFD27A56DAC00ABCA1D /* Soccer_Stats_2022 */,
				27C80CFC27A56DAC00ABCA1D /* Products */,
			);
			sourceTree = "<group>";
		};
		27C80CFC27A56DAC00ABCA1D /* Products */ = {
			isa = PBXGroup;
			children = (
				27C80CFB27A56DAC00ABCA1D /* Soccer_Stats_2022.app */,
			);
			name = Products;
			sourceTree = "<group>";
		};
		27C80CFD27A56DAC00ABCA1D /* Soccer_Stats_2022 */ = {
			isa = PBXGroup;
			children = (
				27C80CFE27A56DAC00ABCA1D /* Soccer_Stats_2022App.swift */,
				27C80D2927A5719100ABCA1D /* Extensions */,
				27C80D2027A56E9700ABCA1D /* Utilities */,
				27C80D1C27A56E6000ABCA1D /* Data Services */,
				27C80D1B27A56E5500ABCA1D /* Core */,
				2783C0CA27A6C053002DBEFC /* Components */,
				27C80D0C27A56DE700ABCA1D /* Models */,
				27C80D0227A56DAF00ABCA1D /* Assets.xcassets */,
				27C80D0427A56DAF00ABCA1D /* Preview Content */,
			);
			path = Soccer_Stats_2022;
			sourceTree = "<group>";
		};
		27C80D0427A56DAF00ABCA1D /* Preview Content */ = {
			isa = PBXGroup;
			children = (
				27C80D0527A56DAF00ABCA1D /* Preview Assets.xcassets */,
			);
			path = "Preview Content";
			sourceTree = "<group>";
		};
		27C80D0C27A56DE700ABCA1D /* Models */ = {
			isa = PBXGroup;
			children = (
				27C80D0D27A56E4200ABCA1D /* Game.swift */,
				2783C0CD27A6EB9B002DBEFC /* Profile.swift */,
			);
			path = Models;
			sourceTree = "<group>";
		};
		27C80D1B27A56E5500ABCA1D /* Core */ = {
			isa = PBXGroup;
			children = (
				2783C0C727A6BD45002DBEFC /* Home */,
				27C80D1F27A56E8800ABCA1D /* PlayerProfile */,
				27C80D1E27A56E8300ABCA1D /* Stats */,
				27C80D1D27A56E7500ABCA1D /* Games */,
			);
			path = Core;
			sourceTree = "<group>";
		};
		27C80D1C27A56E6000ABCA1D /* Data Services */ = {
			isa = PBXGroup;
			children = (
				27C80D1327A56E4200ABCA1D /* GameDataService.swift */,
				27C80D1227A56E4200ABCA1D /* ProfileDataService.swift */,
			);
			path = "Data Services";
			sourceTree = "<group>";
		};
		27C80D1D27A56E7500ABCA1D /* Games */ = {
			isa = PBXGroup;
			children = (
				27C80D2227A56EB000ABCA1D /* ViewModels */,
				27C80D2127A56EA700ABCA1D /* Views */,
			);
			path = Games;
			sourceTree = "<group>";
		};
		27C80D1E27A56E8300ABCA1D /* Stats */ = {
			isa = PBXGroup;
			children = (
				27C80D2427A56ECC00ABCA1D /* ViewModels */,
				27C80D2327A56EC100ABCA1D /* Views */,
			);
			path = Stats;
			sourceTree = "<group>";
		};
		27C80D1F27A56E8800ABCA1D /* PlayerProfile */ = {
			isa = PBXGroup;
			children = (
				2783C0D027A6EDDA002DBEFC /* ViewModels */,
				2783C0CF27A6EDD4002DBEFC /* Views */,
			);
			path = PlayerProfile;
			sourceTree = "<group>";
		};
		27C80D2027A56E9700ABCA1D /* Utilities */ = {
			isa = PBXGroup;
			children = (
				27C80D1027A56E4200ABCA1D /* LocalFileManager.swift */,
				27C80D2727A570C900ABCA1D /* GlobalConstants.swift */,
			);
			path = Utilities;
			sourceTree = "<group>";
		};
		27C80D2127A56EA700ABCA1D /* Views */ = {
			isa = PBXGroup;
			children = (
				27C80D2527A56FF300ABCA1D /* GameListView.swift */,
				2742B7A727A6072A00B117C8 /* AddGameView.swift */,
				27C80D3027A5CACC00ABCA1D /* GameDetailView.swift */,
				27C80D2C27A57D3A00ABCA1D /* GameItemView.swift */,
				2742B7A527A5F8DE00B117C8 /* StatSectionView.swift */,
			);
			path = Views;
			sourceTree = "<group>";
		};
		27C80D2227A56EB000ABCA1D /* ViewModels */ = {
			isa = PBXGroup;
			children = (
				27C80D1127A56E4200ABCA1D /* GameViewModel.swift */,
			);
			path = ViewModels;
			sourceTree = "<group>";
		};
		27C80D2327A56EC100ABCA1D /* Views */ = {
			isa = PBXGroup;
			children = (
				2783C0D727A716C6002DBEFC /* StatSummaryView.swift */,
				2783C0D927A718AD002DBEFC /* ScoringDataCard.swift */,
			);
			path = Views;
			sourceTree = "<group>";
		};
		27C80D2427A56ECC00ABCA1D /* ViewModels */ = {
			isa = PBXGroup;
			children = (
				27C80D0E27A56E4200ABCA1D /* StatisticsViewModel.swift */,
			);
			path = ViewModels;
			sourceTree = "<group>";
		};
		27C80D2927A5719100ABCA1D /* Extensions */ = {
			isa = PBXGroup;
			children = (
				27C80D2A27A57AD600ABCA1D /* Color.swift */,
				27C80D2E27A57DA900ABCA1D /* PreviewProvider.swift */,
			);
			path = Extensions;
			sourceTree = "<group>";
		};
/* End PBXGroup section */

/* Begin PBXNativeTarget section */
		27C80CFA27A56DAC00ABCA1D /* Soccer_Stats_2022 */ = {
			isa = PBXNativeTarget;
			buildConfigurationList = 27C80D0927A56DAF00ABCA1D /* Build configuration list for PBXNativeTarget "Soccer_Stats_2022" */;
			buildPhases = (
				27C80CF727A56DAC00ABCA1D /* Sources */,
				27C80CF827A56DAC00ABCA1D /* Frameworks */,
				27C80CF927A56DAC00ABCA1D /* Resources */,
			);
			buildRules = (
			);
			dependencies = (
			);
			name = Soccer_Stats_2022;
			productName = Soccer_Stats_2022;
			productReference = 27C80CFB27A56DAC00ABCA1D /* Soccer_Stats_2022.app */;
			productType = "com.apple.product-type.application";
		};
/* End PBXNativeTarget section */

/* Begin PBXProject section */
		27C80CF327A56DAC00ABCA1D /* Project object */ = {
			isa = PBXProject;
			attributes = {
				BuildIndependentTargetsInParallel = 1;
				LastSwiftUpdateCheck = 1320;
				LastUpgradeCheck = 1320;
				TargetAttributes = {
					27C80CFA27A56DAC00ABCA1D = {
						CreatedOnToolsVersion = 13.2.1;
					};
				};
			};
			buildConfigurationList = 27C80CF627A56DAC00ABCA1D /* Build configuration list for PBXProject "Soccer_Stats_2022" */;
			compatibilityVersion = "Xcode 13.0";
			developmentRegion = en;
			hasScannedForEncodings = 0;
			knownRegions = (
				en,
				Base,
			);
			mainGroup = 27C80CF227A56DAC00ABCA1D;
			productRefGroup = 27C80CFC27A56DAC00ABCA1D /* Products */;
			projectDirPath = "";
			projectRoot = "";
			targets = (
				27C80CFA27A56DAC00ABCA1D /* Soccer_Stats_2022 */,
			);
		};
/* End PBXProject section */

/* Begin PBXResourcesBuildPhase section */
		27C80CF927A56DAC00ABCA1D /* Resources */ = {
			isa = PBXResourcesBuildPhase;
			buildActionMask = 2147483647;
			files = (
				27C80D0627A56DAF00ABCA1D /* Preview Assets.xcassets in Resources */,
				27C80D0327A56DAF00ABCA1D /* Assets.xcassets in Resources */,
			);
			runOnlyForDeploymentPostprocessing = 0;
		};
/* End PBXResourcesBuildPhase section */

/* Begin PBXSourcesBuildPhase section */
		27C80CF727A56DAC00ABCA1D /* Sources */ = {
			isa = PBXSourcesBuildPhase;
			buildActionMask = 2147483647;
			files = (
				27C80D2D27A57D3A00ABCA1D /* GameItemView.swift in Sources */,
				27C80D2627A56FF300ABCA1D /* GameListView.swift in Sources */,
				27C80D1A27A56E4200ABCA1D /* GameDataService.swift in Sources */,
				2783C0CC27A6C075002DBEFC /* PlayerImageView.swift in Sources */,
				27C80D3127A5CACC00ABCA1D /* GameDetailView.swift in Sources */,
				27C80D1427A56E4200ABCA1D /* Game.swift in Sources */,
				27C80CFF27A56DAC00ABCA1D /* Soccer_Stats_2022App.swift in Sources */,
				2783C0CE27A6EB9B002DBEFC /* Profile.swift in Sources */,
				27C80D2B27A57AD600ABCA1D /* Color.swift in Sources */,
				2783C0D227A6EDE9002DBEFC /* ProfileViewModel.swift in Sources */,
				27C80D2827A570C900ABCA1D /* GlobalConstants.swift in Sources */,
				27C80D1927A56E4200ABCA1D /* ProfileDataService.swift in Sources */,
				2783C0D427A6EE6F002DBEFC /* ProfileView.swift in Sources */,
				2742B7A827A6072A00B117C8 /* AddGameView.swift in Sources */,
				27C80D1527A56E4200ABCA1D /* StatisticsViewModel.swift in Sources */,
				2742B7A627A5F8DE00B117C8 /* StatSectionView.swift in Sources */,
				27C80D1727A56E4200ABCA1D /* LocalFileManager.swift in Sources */,
				2783C0C927A6BD5B002DBEFC /* HomeView.swift in Sources */,
				2783C0DA27A718AD002DBEFC /* ScoringDataCard.swift in Sources */,
				27C80D1827A56E4200ABCA1D /* GameViewModel.swift in Sources */,
				2783C0D827A716C6002DBEFC /* StatSummaryView.swift in Sources */,
				27C80D2F27A57DA900ABCA1D /* PreviewProvider.swift in Sources */,
				2783C0D627A704DC002DBEFC /* EditPlayerProfileView.swift in Sources */,
			);
			runOnlyForDeploymentPostprocessing = 0;
		};
/* End PBXSourcesBuildPhase section */

/* Begin XCBuildConfiguration section */
		27C80D0727A56DAF00ABCA1D /* Debug */ = {
			isa = XCBuildConfiguration;
			buildSettings = {
				ALWAYS_SEARCH_USER_PATHS = NO;
				CLANG_ANALYZER_NONNULL = YES;
				CLANG_ANALYZER_NUMBER_OBJECT_CONVERSION = YES_AGGRESSIVE;
				CLANG_CXX_LANGUAGE_STANDARD = "gnu++17";
				CLANG_CXX_LIBRARY = "libc++";
				CLANG_ENABLE_MODULES = YES;
				CLANG_ENABLE_OBJC_ARC = YES;
				CLANG_ENABLE_OBJC_WEAK = YES;
				CLANG_WARN_BLOCK_CAPTURE_AUTORELEASING = YES;
				CLANG_WARN_BOOL_CONVERSION = YES;
				CLANG_WARN_COMMA = YES;
				CLANG_WARN_CONSTANT_CONVERSION = YES;
				CLANG_WARN_DEPRECATED_OBJC_IMPLEMENTATIONS = YES;
				CLANG_WARN_DIRECT_OBJC_ISA_USAGE = YES_ERROR;
				CLANG_WARN_DOCUMENTATION_COMMENTS = YES;
				CLANG_WARN_EMPTY_BODY = YES;
				CLANG_WARN_ENUM_CONVERSION = YES;
				CLANG_WARN_INFINITE_RECURSION = YES;
				CLANG_WARN_INT_CONVERSION = YES;
				CLANG_WARN_NON_LITERAL_NULL_CONVERSION = YES;
				CLANG_WARN_OBJC_IMPLICIT_RETAIN_SELF = YES;
				CLANG_WARN_OBJC_LITERAL_CONVERSION = YES;
				CLANG_WARN_OBJC_ROOT_CLASS = YES_ERROR;
				CLANG_WARN_QUOTED_INCLUDE_IN_FRAMEWORK_HEADER = YES;
				CLANG_WARN_RANGE_LOOP_ANALYSIS = YES;
				CLANG_WARN_STRICT_PROTOTYPES = YES;
				CLANG_WARN_SUSPICIOUS_MOVE = YES;
				CLANG_WARN_UNGUARDED_AVAILABILITY = YES_AGGRESSIVE;
				CLANG_WARN_UNREACHABLE_CODE = YES;
				CLANG_WARN__DUPLICATE_METHOD_MATCH = YES;
				COPY_PHASE_STRIP = NO;
				DEBUG_INFORMATION_FORMAT = dwarf;
				ENABLE_STRICT_OBJC_MSGSEND = YES;
				ENABLE_TESTABILITY = YES;
				GCC_C_LANGUAGE_STANDARD = gnu11;
				GCC_DYNAMIC_NO_PIC = NO;
				GCC_NO_COMMON_BLOCKS = YES;
				GCC_OPTIMIZATION_LEVEL = 0;
				GCC_PREPROCESSOR_DEFINITIONS = (
					"DEBUG=1",
					"$(inherited)",
				);
				GCC_WARN_64_TO_32_BIT_CONVERSION = YES;
				GCC_WARN_ABOUT_RETURN_TYPE = YES_ERROR;
				GCC_WARN_UNDECLARED_SELECTOR = YES;
				GCC_WARN_UNINITIALIZED_AUTOS = YES_AGGRESSIVE;
				GCC_WARN_UNUSED_FUNCTION = YES;
				GCC_WARN_UNUSED_VARIABLE = YES;
				IPHONEOS_DEPLOYMENT_TARGET = 15.2;
				MTL_ENABLE_DEBUG_INFO = INCLUDE_SOURCE;
				MTL_FAST_MATH = YES;
				ONLY_ACTIVE_ARCH = YES;
				SDKROOT = iphoneos;
				SWIFT_ACTIVE_COMPILATION_CONDITIONS = DEBUG;
				SWIFT_OPTIMIZATION_LEVEL = "-Onone";
			};
			name = Debug;
		};
		27C80D0827A56DAF00ABCA1D /* Release */ = {
			isa = XCBuildConfiguration;
			buildSettings = {
				ALWAYS_SEARCH_USER_PATHS = NO;
				CLANG_ANALYZER_NONNULL = YES;
				CLANG_ANALYZER_NUMBER_OBJECT_CONVERSION = YES_AGGRESSIVE;
				CLANG_CXX_LANGUAGE_STANDARD = "gnu++17";
				CLANG_CXX_LIBRARY = "libc++";
				CLANG_ENABLE_MODULES = YES;
				CLANG_ENABLE_OBJC_ARC = YES;
				CLANG_ENABLE_OBJC_WEAK = YES;
				CLANG_WARN_BLOCK_CAPTURE_AUTORELEASING = YES;
				CLANG_WARN_BOOL_CONVERSION = YES;
				CLANG_WARN_COMMA = YES;
				CLANG_WARN_CONSTANT_CONVERSION = YES;
				CLANG_WARN_DEPRECATED_OBJC_IMPLEMENTATIONS = YES;
				CLANG_WARN_DIRECT_OBJC_ISA_USAGE = YES_ERROR;
				CLANG_WARN_DOCUMENTATION_COMMENTS = YES;
				CLANG_WARN_EMPTY_BODY = YES;
				CLANG_WARN_ENUM_CONVERSION = YES;
				CLANG_WARN_INFINITE_RECURSION = YES;
				CLANG_WARN_INT_CONVERSION = YES;
				CLANG_WARN_NON_LITERAL_NULL_CONVERSION = YES;
				CLANG_WARN_OBJC_IMPLICIT_RETAIN_SELF = YES;
				CLANG_WARN_OBJC_LITERAL_CONVERSION = YES;
				CLANG_WARN_OBJC_ROOT_CLASS = YES_ERROR;
				CLANG_WARN_QUOTED_INCLUDE_IN_FRAMEWORK_HEADER = YES;
				CLANG_WARN_RANGE_LOOP_ANALYSIS = YES;
				CLANG_WARN_STRICT_PROTOTYPES = YES;
				CLANG_WARN_SUSPICIOUS_MOVE = YES;
				CLANG_WARN_UNGUARDED_AVAILABILITY = YES_AGGRESSIVE;
				CLANG_WARN_UNREACHABLE_CODE = YES;
				CLANG_WARN__DUPLICATE_METHOD_MATCH = YES;
				COPY_PHASE_STRIP = NO;
				DEBUG_INFORMATION_FORMAT = "dwarf-with-dsym";
				ENABLE_NS_ASSERTIONS = NO;
				ENABLE_STRICT_OBJC_MSGSEND = YES;
				GCC_C_LANGUAGE_STANDARD = gnu11;
				GCC_NO_COMMON_BLOCKS = YES;
				GCC_WARN_64_TO_32_BIT_CONVERSION = YES;
				GCC_WARN_ABOUT_RETURN_TYPE = YES_ERROR;
				GCC_WARN_UNDECLARED_SELECTOR = YES;
				GCC_WARN_UNINITIALIZED_AUTOS = YES_AGGRESSIVE;
				GCC_WARN_UNUSED_FUNCTION = YES;
				GCC_WARN_UNUSED_VARIABLE = YES;
				IPHONEOS_DEPLOYMENT_TARGET = 15.2;
				MTL_ENABLE_DEBUG_INFO = NO;
				MTL_FAST_MATH = YES;
				SDKROOT = iphoneos;
				SWIFT_COMPILATION_MODE = wholemodule;
				SWIFT_OPTIMIZATION_LEVEL = "-O";
				VALIDATE_PRODUCT = YES;
			};
			name = Release;
		};
		27C80D0A27A56DAF00ABCA1D /* Debug */ = {
			isa = XCBuildConfiguration;
			buildSettings = {
				ASSETCATALOG_COMPILER_APPICON_NAME = AppIcon;
				ASSETCATALOG_COMPILER_GLOBAL_ACCENT_COLOR_NAME = AccentColor;
				CODE_SIGN_STYLE = Automatic;
				CURRENT_PROJECT_VERSION = 1;
				DEVELOPMENT_ASSET_PATHS = "\"Soccer_Stats_2022/Preview Content\"";
				DEVELOPMENT_TEAM = WL7FA3UC8X;
				ENABLE_PREVIEWS = YES;
				GENERATE_INFOPLIST_FILE = YES;
				INFOPLIST_KEY_UIApplicationSceneManifest_Generation = YES;
				INFOPLIST_KEY_UIApplicationSupportsIndirectInputEvents = YES;
				INFOPLIST_KEY_UILaunchScreen_Generation = YES;
				INFOPLIST_KEY_UISupportedInterfaceOrientations_iPad = "UIInterfaceOrientationPortrait UIInterfaceOrientationPortraitUpsideDown UIInterfaceOrientationLandscapeLeft UIInterfaceOrientationLandscapeRight";
				INFOPLIST_KEY_UISupportedInterfaceOrientations_iPhone = "UIInterfaceOrientationPortrait UIInterfaceOrientationLandscapeLeft UIInterfaceOrientationLandscapeRight";
				LD_RUNPATH_SEARCH_PATHS = (
					"$(inherited)",
					"@executable_path/Frameworks",
				);
				MARKETING_VERSION = 1.0;
				PRODUCT_BUNDLE_IDENTIFIER = "com.pottsma.Soccer-Stats-2022";
				PRODUCT_NAME = "$(TARGET_NAME)";
				SWIFT_EMIT_LOC_STRINGS = YES;
				SWIFT_VERSION = 5.0;
				TARGETED_DEVICE_FAMILY = "1,2";
			};
			name = Debug;
		};
		27C80D0B27A56DAF00ABCA1D /* Release */ = {
			isa = XCBuildConfiguration;
			buildSettings = {
				ASSETCATALOG_COMPILER_APPICON_NAME = AppIcon;
				ASSETCATALOG_COMPILER_GLOBAL_ACCENT_COLOR_NAME = AccentColor;
				CODE_SIGN_STYLE = Automatic;
				CURRENT_PROJECT_VERSION = 1;
				DEVELOPMENT_ASSET_PATHS = "\"Soccer_Stats_2022/Preview Content\"";
				DEVELOPMENT_TEAM = WL7FA3UC8X;
				ENABLE_PREVIEWS = YES;
				GENERATE_INFOPLIST_FILE = YES;
				INFOPLIST_KEY_UIApplicationSceneManifest_Generation = YES;
				INFOPLIST_KEY_UIApplicationSupportsIndirectInputEvents = YES;
				INFOPLIST_KEY_UILaunchScreen_Generation = YES;
				INFOPLIST_KEY_UISupportedInterfaceOrientations_iPad = "UIInterfaceOrientationPortrait UIInterfaceOrientationPortraitUpsideDown UIInterfaceOrientationLandscapeLeft UIInterfaceOrientationLandscapeRight";
				INFOPLIST_KEY_UISupportedInterfaceOrientations_iPhone = "UIInterfaceOrientationPortrait UIInterfaceOrientationLandscapeLeft UIInterfaceOrientationLandscapeRight";
				LD_RUNPATH_SEARCH_PATHS = (
					"$(inherited)",
					"@executable_path/Frameworks",
				);
				MARKETING_VERSION = 1.0;
				PRODUCT_BUNDLE_IDENTIFIER = "com.pottsma.Soccer-Stats-2022";
				PRODUCT_NAME = "$(TARGET_NAME)";
				SWIFT_EMIT_LOC_STRINGS = YES;
				SWIFT_VERSION = 5.0;
				TARGETED_DEVICE_FAMILY = "1,2";
			};
			name = Release;
		};
/* End XCBuildConfiguration section */

/* Begin XCConfigurationList section */
		27C80CF627A56DAC00ABCA1D /* Build configuration list for PBXProject "Soccer_Stats_2022" */ = {
			isa = XCConfigurationList;
			buildConfigurations = (
				27C80D0727A56DAF00ABCA1D /* Debug */,
				27C80D0827A56DAF00ABCA1D /* Release */,
			);
			defaultConfigurationIsVisible = 0;
			defaultConfigurationName = Release;
		};
		27C80D0927A56DAF00ABCA1D /* Build configuration list for PBXNativeTarget "Soccer_Stats_2022" */ = {
			isa = XCConfigurationList;
			buildConfigurations = (
				27C80D0A27A56DAF00ABCA1D /* Debug */,
				27C80D0B27A56DAF00ABCA1D /* Release */,
			);
			defaultConfigurationIsVisible = 0;
			defaultConfigurationName = Release;
		};
/* End XCConfigurationList section */
	};
	rootObject = 27C80CF327A56DAC00ABCA1D /* Project object */;
}
